// !$*UTF8*$!
{
	archiveVersion = 1;
	classes = {
	};
	objectVersion = 50;
	objects = {

/* Begin PBXBuildFile section */
		61C6A80E0C9A5F5C2756D592 /* libPods-HTTPFramework.a in Frameworks */ = {isa = PBXBuildFile; fileRef = BF286CA8C5E32ACBCFFAF266 /* libPods-HTTPFramework.a */; };
		AD1FAF2E25504AFD0007D814 /* HTTPLoadingTests.swift in Sources */ = {isa = PBXBuildFile; fileRef = AD1FAF2D25504AFD0007D814 /* HTTPLoadingTests.swift */; };
		AD1FAFC32551504B0007D814 /* MockLoader.swift in Sources */ = {isa = PBXBuildFile; fileRef = AD1FAFC22551504B0007D814 /* MockLoader.swift */; };
		AD7F1A582545A7FD00FD12B0 /* HTTPFramework.framework in Frameworks */ = {isa = PBXBuildFile; fileRef = AD7F1A4E2545A7FC00FD12B0 /* HTTPFramework.framework */; };
		AD7F1A5F2545A7FD00FD12B0 /* HTTPFramework.h in Headers */ = {isa = PBXBuildFile; fileRef = AD7F1A512545A7FC00FD12B0 /* HTTPFramework.h */; settings = {ATTRIBUTES = (Public, ); }; };
		AD7F1A6B2545A84700FD12B0 /* HTTPMethod.swift in Sources */ = {isa = PBXBuildFile; fileRef = AD7F1A6A2545A84700FD12B0 /* HTTPMethod.swift */; };
		AD7F1A6F2545A88400FD12B0 /* HTTPRequest.swift in Sources */ = {isa = PBXBuildFile; fileRef = AD7F1A6E2545A88400FD12B0 /* HTTPRequest.swift */; };
		AD7F1A732545A9F400FD12B0 /* HTTPResponse.swift in Sources */ = {isa = PBXBuildFile; fileRef = AD7F1A722545A9F400FD12B0 /* HTTPResponse.swift */; };
		AD7F1A772545AA7100FD12B0 /* HTTPStatus.swift in Sources */ = {isa = PBXBuildFile; fileRef = AD7F1A762545AA7100FD12B0 /* HTTPStatus.swift */; };
		AD7F1A7B2545ABD600FD12B0 /* HTTPResult.swift in Sources */ = {isa = PBXBuildFile; fileRef = AD7F1A7A2545ABD600FD12B0 /* HTTPResult.swift */; };
		AD7F1A7F2545AC2400FD12B0 /* HTTPError.swift in Sources */ = {isa = PBXBuildFile; fileRef = AD7F1A7E2545AC2400FD12B0 /* HTTPError.swift */; };
		ADFF720E2550027E00E78549 /* HTTPBody.swift in Sources */ = {isa = PBXBuildFile; fileRef = ADFF720D2550027E00E78549 /* HTTPBody.swift */; };
		ADFF72122550180E00E78549 /* HTTPMethodTests.swift in Sources */ = {isa = PBXBuildFile; fileRef = ADFF72112550180E00E78549 /* HTTPMethodTests.swift */; };
		ADFF72162550197A00E78549 /* HTTPStatusTests.swift in Sources */ = {isa = PBXBuildFile; fileRef = ADFF72152550197A00E78549 /* HTTPStatusTests.swift */; };
		ADFF721A25501A0900E78549 /* HTTPRequestTests.swift in Sources */ = {isa = PBXBuildFile; fileRef = ADFF721925501A0900E78549 /* HTTPRequestTests.swift */; };
		ADFF721E25501F9100E78549 /* HTTPResponseTests.swift in Sources */ = {isa = PBXBuildFile; fileRef = ADFF721D25501F9100E78549 /* HTTPResponseTests.swift */; };
		ADFF72242550237D00E78549 /* HTTPResultTests.swift in Sources */ = {isa = PBXBuildFile; fileRef = ADFF72232550237D00E78549 /* HTTPResultTests.swift */; };
		ADFF7228255024A900E78549 /* HTTPErrorTests.swift in Sources */ = {isa = PBXBuildFile; fileRef = ADFF7227255024A900E78549 /* HTTPErrorTests.swift */; };
		ADFF722E255025B700E78549 /* HTTPBodyTests.swift in Sources */ = {isa = PBXBuildFile; fileRef = ADFF722D255025B700E78549 /* HTTPBodyTests.swift */; };
		ADFF7232255036C500E78549 /* HTTPLoading.swift in Sources */ = {isa = PBXBuildFile; fileRef = ADFF7231255036C500E78549 /* HTTPLoading.swift */; };
/* End PBXBuildFile section */

/* Begin PBXContainerItemProxy section */
		AD7F1A592545A7FD00FD12B0 /* PBXContainerItemProxy */ = {
			isa = PBXContainerItemProxy;
			containerPortal = AD7F1A452545A7FC00FD12B0 /* Project object */;
			proxyType = 1;
			remoteGlobalIDString = AD7F1A4D2545A7FC00FD12B0;
			remoteInfo = HTTPFramework;
		};
/* End PBXContainerItemProxy section */

/* Begin PBXFileReference section */
		364B0DD793995C1448F3231E /* Pods-HTTPFramework.release.xcconfig */ = {isa = PBXFileReference; includeInIndex = 1; lastKnownFileType = text.xcconfig; name = "Pods-HTTPFramework.release.xcconfig"; path = "Target Support Files/Pods-HTTPFramework/Pods-HTTPFramework.release.xcconfig"; sourceTree = "<group>"; };
		4CC0531749716F549FCFA617 /* Pods-HTTPFramework.debug.xcconfig */ = {isa = PBXFileReference; includeInIndex = 1; lastKnownFileType = text.xcconfig; name = "Pods-HTTPFramework.debug.xcconfig"; path = "Target Support Files/Pods-HTTPFramework/Pods-HTTPFramework.debug.xcconfig"; sourceTree = "<group>"; };
		AD1FAF2D25504AFD0007D814 /* HTTPLoadingTests.swift */ = {isa = PBXFileReference; lastKnownFileType = sourcecode.swift; path = HTTPLoadingTests.swift; sourceTree = "<group>"; };
		AD1FAFC22551504B0007D814 /* MockLoader.swift */ = {isa = PBXFileReference; lastKnownFileType = sourcecode.swift; path = MockLoader.swift; sourceTree = "<group>"; };
		AD7F1A4E2545A7FC00FD12B0 /* HTTPFramework.framework */ = {isa = PBXFileReference; explicitFileType = wrapper.framework; includeInIndex = 0; path = HTTPFramework.framework; sourceTree = BUILT_PRODUCTS_DIR; };
		AD7F1A512545A7FC00FD12B0 /* HTTPFramework.h */ = {isa = PBXFileReference; lastKnownFileType = sourcecode.c.h; path = HTTPFramework.h; sourceTree = "<group>"; };
		AD7F1A522545A7FC00FD12B0 /* Info.plist */ = {isa = PBXFileReference; lastKnownFileType = text.plist.xml; path = Info.plist; sourceTree = "<group>"; };
		AD7F1A572545A7FD00FD12B0 /* HTTPFrameworkTests.xctest */ = {isa = PBXFileReference; explicitFileType = wrapper.cfbundle; includeInIndex = 0; path = HTTPFrameworkTests.xctest; sourceTree = BUILT_PRODUCTS_DIR; };
		AD7F1A5E2545A7FD00FD12B0 /* Info.plist */ = {isa = PBXFileReference; lastKnownFileType = text.plist.xml; path = Info.plist; sourceTree = "<group>"; };
		AD7F1A6A2545A84700FD12B0 /* HTTPMethod.swift */ = {isa = PBXFileReference; lastKnownFileType = sourcecode.swift; path = HTTPMethod.swift; sourceTree = "<group>"; };
		AD7F1A6E2545A88400FD12B0 /* HTTPRequest.swift */ = {isa = PBXFileReference; lastKnownFileType = sourcecode.swift; path = HTTPRequest.swift; sourceTree = "<group>"; };
		AD7F1A722545A9F400FD12B0 /* HTTPResponse.swift */ = {isa = PBXFileReference; lastKnownFileType = sourcecode.swift; path = HTTPResponse.swift; sourceTree = "<group>"; };
		AD7F1A762545AA7100FD12B0 /* HTTPStatus.swift */ = {isa = PBXFileReference; lastKnownFileType = sourcecode.swift; path = HTTPStatus.swift; sourceTree = "<group>"; };
		AD7F1A7A2545ABD600FD12B0 /* HTTPResult.swift */ = {isa = PBXFileReference; lastKnownFileType = sourcecode.swift; path = HTTPResult.swift; sourceTree = "<group>"; };
		AD7F1A7E2545AC2400FD12B0 /* HTTPError.swift */ = {isa = PBXFileReference; lastKnownFileType = sourcecode.swift; path = HTTPError.swift; sourceTree = "<group>"; };
		ADFF720D2550027E00E78549 /* HTTPBody.swift */ = {isa = PBXFileReference; lastKnownFileType = sourcecode.swift; path = HTTPBody.swift; sourceTree = "<group>"; };
		ADFF72112550180E00E78549 /* HTTPMethodTests.swift */ = {isa = PBXFileReference; lastKnownFileType = sourcecode.swift; path = HTTPMethodTests.swift; sourceTree = "<group>"; };
		ADFF72152550197A00E78549 /* HTTPStatusTests.swift */ = {isa = PBXFileReference; lastKnownFileType = sourcecode.swift; path = HTTPStatusTests.swift; sourceTree = "<group>"; };
		ADFF721925501A0900E78549 /* HTTPRequestTests.swift */ = {isa = PBXFileReference; lastKnownFileType = sourcecode.swift; path = HTTPRequestTests.swift; sourceTree = "<group>"; };
		ADFF721D25501F9100E78549 /* HTTPResponseTests.swift */ = {isa = PBXFileReference; lastKnownFileType = sourcecode.swift; path = HTTPResponseTests.swift; sourceTree = "<group>"; };
		ADFF72232550237D00E78549 /* HTTPResultTests.swift */ = {isa = PBXFileReference; lastKnownFileType = sourcecode.swift; path = HTTPResultTests.swift; sourceTree = "<group>"; };
		ADFF7227255024A900E78549 /* HTTPErrorTests.swift */ = {isa = PBXFileReference; lastKnownFileType = sourcecode.swift; path = HTTPErrorTests.swift; sourceTree = "<group>"; };
		ADFF722D255025B700E78549 /* HTTPBodyTests.swift */ = {isa = PBXFileReference; lastKnownFileType = sourcecode.swift; path = HTTPBodyTests.swift; sourceTree = "<group>"; };
		ADFF7231255036C500E78549 /* HTTPLoading.swift */ = {isa = PBXFileReference; lastKnownFileType = sourcecode.swift; path = HTTPLoading.swift; sourceTree = "<group>"; };
		BF286CA8C5E32ACBCFFAF266 /* libPods-HTTPFramework.a */ = {isa = PBXFileReference; explicitFileType = archive.ar; includeInIndex = 0; path = "libPods-HTTPFramework.a"; sourceTree = BUILT_PRODUCTS_DIR; };
/* End PBXFileReference section */

/* Begin PBXFrameworksBuildPhase section */
		AD7F1A4B2545A7FC00FD12B0 /* Frameworks */ = {
			isa = PBXFrameworksBuildPhase;
			buildActionMask = 2147483647;
			files = (
				61C6A80E0C9A5F5C2756D592 /* libPods-HTTPFramework.a in Frameworks */,
			);
			runOnlyForDeploymentPostprocessing = 0;
		};
		AD7F1A542545A7FD00FD12B0 /* Frameworks */ = {
			isa = PBXFrameworksBuildPhase;
			buildActionMask = 2147483647;
			files = (
				AD7F1A582545A7FD00FD12B0 /* HTTPFramework.framework in Frameworks */,
			);
			runOnlyForDeploymentPostprocessing = 0;
		};
/* End PBXFrameworksBuildPhase section */

/* Begin PBXGroup section */
		449C705EB1D2D109904116B9 /* Frameworks */ = {
			isa = PBXGroup;
			children = (
				BF286CA8C5E32ACBCFFAF266 /* libPods-HTTPFramework.a */,
			);
			name = Frameworks;
			sourceTree = "<group>";
		};
		AD7F1A442545A7FC00FD12B0 = {
			isa = PBXGroup;
			children = (
				AD7F1A502545A7FC00FD12B0 /* HTTPFramework */,
				AD7F1A5B2545A7FD00FD12B0 /* HTTPFrameworkTests */,
				AD7F1A4F2545A7FC00FD12B0 /* Products */,
				F5D73A0A55A2EAD4A40B7080 /* Pods */,
				449C705EB1D2D109904116B9 /* Frameworks */,
			);
			sourceTree = "<group>";
		};
		AD7F1A4F2545A7FC00FD12B0 /* Products */ = {
			isa = PBXGroup;
			children = (
				AD7F1A4E2545A7FC00FD12B0 /* HTTPFramework.framework */,
				AD7F1A572545A7FD00FD12B0 /* HTTPFrameworkTests.xctest */,
			);
			name = Products;
			sourceTree = "<group>";
		};
		AD7F1A502545A7FC00FD12B0 /* HTTPFramework */ = {
			isa = PBXGroup;
			children = (
				AD7F1A512545A7FC00FD12B0 /* HTTPFramework.h */,
				AD7F1A522545A7FC00FD12B0 /* Info.plist */,
				AD7F1A6A2545A84700FD12B0 /* HTTPMethod.swift */,
				AD7F1A762545AA7100FD12B0 /* HTTPStatus.swift */,
				AD7F1A6E2545A88400FD12B0 /* HTTPRequest.swift */,
				AD7F1A722545A9F400FD12B0 /* HTTPResponse.swift */,
				AD7F1A7A2545ABD600FD12B0 /* HTTPResult.swift */,
				AD7F1A7E2545AC2400FD12B0 /* HTTPError.swift */,
				ADFF720D2550027E00E78549 /* HTTPBody.swift */,
				ADFF7231255036C500E78549 /* HTTPLoading.swift */,
				AD1FAFC22551504B0007D814 /* MockLoader.swift */,
			);
			path = HTTPFramework;
			sourceTree = "<group>";
		};
		AD7F1A5B2545A7FD00FD12B0 /* HTTPFrameworkTests */ = {
			isa = PBXGroup;
			children = (
				AD7F1A5E2545A7FD00FD12B0 /* Info.plist */,
				ADFF72112550180E00E78549 /* HTTPMethodTests.swift */,
				ADFF72152550197A00E78549 /* HTTPStatusTests.swift */,
				ADFF721925501A0900E78549 /* HTTPRequestTests.swift */,
				ADFF721D25501F9100E78549 /* HTTPResponseTests.swift */,
				ADFF72232550237D00E78549 /* HTTPResultTests.swift */,
				ADFF7227255024A900E78549 /* HTTPErrorTests.swift */,
				ADFF722D255025B700E78549 /* HTTPBodyTests.swift */,
				AD1FAF2D25504AFD0007D814 /* HTTPLoadingTests.swift */,
			);
			path = HTTPFrameworkTests;
			sourceTree = "<group>";
		};
		F5D73A0A55A2EAD4A40B7080 /* Pods */ = {
			isa = PBXGroup;
			children = (
				4CC0531749716F549FCFA617 /* Pods-HTTPFramework.debug.xcconfig */,
				364B0DD793995C1448F3231E /* Pods-HTTPFramework.release.xcconfig */,
			);
			path = Pods;
			sourceTree = "<group>";
		};
/* End PBXGroup section */

/* Begin PBXHeadersBuildPhase section */
		AD7F1A492545A7FC00FD12B0 /* Headers */ = {
			isa = PBXHeadersBuildPhase;
			buildActionMask = 2147483647;
			files = (
				AD7F1A5F2545A7FD00FD12B0 /* HTTPFramework.h in Headers */,
			);
			runOnlyForDeploymentPostprocessing = 0;
		};
/* End PBXHeadersBuildPhase section */

/* Begin PBXNativeTarget section */
		AD7F1A4D2545A7FC00FD12B0 /* HTTPFramework */ = {
			isa = PBXNativeTarget;
			buildConfigurationList = AD7F1A622545A7FD00FD12B0 /* Build configuration list for PBXNativeTarget "HTTPFramework" */;
			buildPhases = (
				02AD40DD7DFEB1DF678E2484 /* [CP] Check Pods Manifest.lock */,
				AD7F1A492545A7FC00FD12B0 /* Headers */,
				AD7F1A4A2545A7FC00FD12B0 /* Sources */,
				AD7F1A4B2545A7FC00FD12B0 /* Frameworks */,
				AD7F1A4C2545A7FC00FD12B0 /* Resources */,
				AD7F1A8A2545CC4D00FD12B0 /* ShellScript */,
			);
			buildRules = (
			);
			dependencies = (
			);
			name = HTTPFramework;
			productName = HTTPFramework;
			productReference = AD7F1A4E2545A7FC00FD12B0 /* HTTPFramework.framework */;
			productType = "com.apple.product-type.framework";
		};
		AD7F1A562545A7FD00FD12B0 /* HTTPFrameworkTests */ = {
			isa = PBXNativeTarget;
			buildConfigurationList = AD7F1A652545A7FD00FD12B0 /* Build configuration list for PBXNativeTarget "HTTPFrameworkTests" */;
			buildPhases = (
				AD7F1A532545A7FD00FD12B0 /* Sources */,
				AD7F1A542545A7FD00FD12B0 /* Frameworks */,
				AD7F1A552545A7FD00FD12B0 /* Resources */,
			);
			buildRules = (
			);
			dependencies = (
				AD7F1A5A2545A7FD00FD12B0 /* PBXTargetDependency */,
			);
			name = HTTPFrameworkTests;
			productName = HTTPFrameworkTests;
			productReference = AD7F1A572545A7FD00FD12B0 /* HTTPFrameworkTests.xctest */;
			productType = "com.apple.product-type.bundle.unit-test";
		};
/* End PBXNativeTarget section */

/* Begin PBXProject section */
		AD7F1A452545A7FC00FD12B0 /* Project object */ = {
			isa = PBXProject;
			attributes = {
				LastSwiftUpdateCheck = 1200;
				LastUpgradeCheck = 1200;
				TargetAttributes = {
					AD7F1A4D2545A7FC00FD12B0 = {
						CreatedOnToolsVersion = 12.0;
						LastSwiftMigration = 1200;
					};
					AD7F1A562545A7FD00FD12B0 = {
						CreatedOnToolsVersion = 12.0;
					};
				};
			};
			buildConfigurationList = AD7F1A482545A7FC00FD12B0 /* Build configuration list for PBXProject "HTTPFramework" */;
			compatibilityVersion = "Xcode 9.3";
			developmentRegion = en;
			hasScannedForEncodings = 0;
			knownRegions = (
				en,
				Base,
			);
			mainGroup = AD7F1A442545A7FC00FD12B0;
			productRefGroup = AD7F1A4F2545A7FC00FD12B0 /* Products */;
			projectDirPath = "";
			projectRoot = "";
			targets = (
				AD7F1A4D2545A7FC00FD12B0 /* HTTPFramework */,
				AD7F1A562545A7FD00FD12B0 /* HTTPFrameworkTests */,
			);
		};
/* End PBXProject section */

/* Begin PBXResourcesBuildPhase section */
		AD7F1A4C2545A7FC00FD12B0 /* Resources */ = {
			isa = PBXResourcesBuildPhase;
			buildActionMask = 2147483647;
			files = (
			);
			runOnlyForDeploymentPostprocessing = 0;
		};
		AD7F1A552545A7FD00FD12B0 /* Resources */ = {
			isa = PBXResourcesBuildPhase;
			buildActionMask = 2147483647;
			files = (
			);
			runOnlyForDeploymentPostprocessing = 0;
		};
/* End PBXResourcesBuildPhase section */

/* Begin PBXShellScriptBuildPhase section */
		02AD40DD7DFEB1DF678E2484 /* [CP] Check Pods Manifest.lock */ = {
			isa = PBXShellScriptBuildPhase;
			buildActionMask = 2147483647;
			files = (
			);
			inputFileListPaths = (
			);
			inputPaths = (
				"${PODS_PODFILE_DIR_PATH}/Podfile.lock",
				"${PODS_ROOT}/Manifest.lock",
			);
			name = "[CP] Check Pods Manifest.lock";
			outputFileListPaths = (
			);
			outputPaths = (
				"$(DERIVED_FILE_DIR)/Pods-HTTPFramework-checkManifestLockResult.txt",
			);
			runOnlyForDeploymentPostprocessing = 0;
			shellPath = /bin/sh;
			shellScript = "diff \"${PODS_PODFILE_DIR_PATH}/Podfile.lock\" \"${PODS_ROOT}/Manifest.lock\" > /dev/null\nif [ $? != 0 ] ; then\n    # print error to STDERR\n    echo \"error: The sandbox is not in sync with the Podfile.lock. Run 'pod install' or update your CocoaPods installation.\" >&2\n    exit 1\nfi\n# This output is used by Xcode 'outputs' to avoid re-running this script phase.\necho \"SUCCESS\" > \"${SCRIPT_OUTPUT_FILE_0}\"\n";
			showEnvVarsInLog = 0;
		};
		AD7F1A8A2545CC4D00FD12B0 /* ShellScript */ = {
			isa = PBXShellScriptBuildPhase;
			buildActionMask = 2147483647;
			files = (
			);
			inputFileListPaths = (
			);
			inputPaths = (
			);
			outputFileListPaths = (
			);
			outputPaths = (
			);
			runOnlyForDeploymentPostprocessing = 0;
			shellPath = /bin/sh;
			shellScript = "if which swiftlint >/dev/null; then\n  swiftlint\nelse\n  echo \"warning: SwiftLint not installed, download from https://github.com/realm/SwiftLint\"\nfi\n";
		};
/* End PBXShellScriptBuildPhase section */

/* Begin PBXSourcesBuildPhase section */
		AD7F1A4A2545A7FC00FD12B0 /* Sources */ = {
			isa = PBXSourcesBuildPhase;
			buildActionMask = 2147483647;
			files = (
				AD7F1A732545A9F400FD12B0 /* HTTPResponse.swift in Sources */,
				AD7F1A7B2545ABD600FD12B0 /* HTTPResult.swift in Sources */,
				ADFF7232255036C500E78549 /* HTTPLoading.swift in Sources */,
				AD7F1A6B2545A84700FD12B0 /* HTTPMethod.swift in Sources */,
				AD7F1A6F2545A88400FD12B0 /* HTTPRequest.swift in Sources */,
				AD1FAFC32551504B0007D814 /* MockLoader.swift in Sources */,
				AD7F1A7F2545AC2400FD12B0 /* HTTPError.swift in Sources */,
				AD7F1A772545AA7100FD12B0 /* HTTPStatus.swift in Sources */,
				ADFF720E2550027E00E78549 /* HTTPBody.swift in Sources */,
			);
			runOnlyForDeploymentPostprocessing = 0;
		};
		AD7F1A532545A7FD00FD12B0 /* Sources */ = {
			isa = PBXSourcesBuildPhase;
			buildActionMask = 2147483647;
			files = (
				ADFF721E25501F9100E78549 /* HTTPResponseTests.swift in Sources */,
				ADFF722E255025B700E78549 /* HTTPBodyTests.swift in Sources */,
				AD1FAF2E25504AFD0007D814 /* HTTPLoadingTests.swift in Sources */,
				ADFF72122550180E00E78549 /* HTTPMethodTests.swift in Sources */,
				ADFF721A25501A0900E78549 /* HTTPRequestTests.swift in Sources */,
				ADFF72162550197A00E78549 /* HTTPStatusTests.swift in Sources */,
				ADFF7228255024A900E78549 /* HTTPErrorTests.swift in Sources */,
				ADFF72242550237D00E78549 /* HTTPResultTests.swift in Sources */,
			);
			runOnlyForDeploymentPostprocessing = 0;
		};
/* End PBXSourcesBuildPhase section */

/* Begin PBXTargetDependency section */
		AD7F1A5A2545A7FD00FD12B0 /* PBXTargetDependency */ = {
			isa = PBXTargetDependency;
			target = AD7F1A4D2545A7FC00FD12B0 /* HTTPFramework */;
			targetProxy = AD7F1A592545A7FD00FD12B0 /* PBXContainerItemProxy */;
		};
/* End PBXTargetDependency section */

/* Begin XCBuildConfiguration section */
		AD7F1A602545A7FD00FD12B0 /* Debug */ = {
			isa = XCBuildConfiguration;
			buildSettings = {
				ALWAYS_SEARCH_USER_PATHS = NO;
				CLANG_ANALYZER_NONNULL = YES;
				CLANG_ANALYZER_NUMBER_OBJECT_CONVERSION = YES_AGGRESSIVE;
				CLANG_CXX_LANGUAGE_STANDARD = "gnu++14";
				CLANG_CXX_LIBRARY = "libc++";
				CLANG_ENABLE_MODULES = YES;
				CLANG_ENABLE_OBJC_ARC = YES;
				CLANG_ENABLE_OBJC_WEAK = YES;
				CLANG_WARN_BLOCK_CAPTURE_AUTORELEASING = YES;
				CLANG_WARN_BOOL_CONVERSION = YES;
				CLANG_WARN_COMMA = YES;
				CLANG_WARN_CONSTANT_CONVERSION = YES;
				CLANG_WARN_DEPRECATED_OBJC_IMPLEMENTATIONS = YES;
				CLANG_WARN_DIRECT_OBJC_ISA_USAGE = YES_ERROR;
				CLANG_WARN_DOCUMENTATION_COMMENTS = YES;
				CLANG_WARN_EMPTY_BODY = YES;
				CLANG_WARN_ENUM_CONVERSION = YES;
				CLANG_WARN_INFINITE_RECURSION = YES;
				CLANG_WARN_INT_CONVERSION = YES;
				CLANG_WARN_NON_LITERAL_NULL_CONVERSION = YES;
				CLANG_WARN_OBJC_IMPLICIT_RETAIN_SELF = YES;
				CLANG_WARN_OBJC_LITERAL_CONVERSION = YES;
				CLANG_WARN_OBJC_ROOT_CLASS = YES_ERROR;
				CLANG_WARN_QUOTED_INCLUDE_IN_FRAMEWORK_HEADER = YES;
				CLANG_WARN_RANGE_LOOP_ANALYSIS = YES;
				CLANG_WARN_STRICT_PROTOTYPES = YES;
				CLANG_WARN_SUSPICIOUS_MOVE = YES;
				CLANG_WARN_UNGUARDED_AVAILABILITY = YES_AGGRESSIVE;
				CLANG_WARN_UNREACHABLE_CODE = YES;
				CLANG_WARN__DUPLICATE_METHOD_MATCH = YES;
				COPY_PHASE_STRIP = NO;
				CURRENT_PROJECT_VERSION = 1;
				DEBUG_INFORMATION_FORMAT = dwarf;
				ENABLE_STRICT_OBJC_MSGSEND = YES;
				ENABLE_TESTABILITY = YES;
				GCC_C_LANGUAGE_STANDARD = gnu11;
				GCC_DYNAMIC_NO_PIC = NO;
				GCC_NO_COMMON_BLOCKS = YES;
				GCC_OPTIMIZATION_LEVEL = 0;
				GCC_PREPROCESSOR_DEFINITIONS = (
					"DEBUG=1",
					"$(inherited)",
				);
				GCC_WARN_64_TO_32_BIT_CONVERSION = YES;
				GCC_WARN_ABOUT_RETURN_TYPE = YES_ERROR;
				GCC_WARN_UNDECLARED_SELECTOR = YES;
				GCC_WARN_UNINITIALIZED_AUTOS = YES_AGGRESSIVE;
				GCC_WARN_UNUSED_FUNCTION = YES;
				GCC_WARN_UNUSED_VARIABLE = YES;
				IPHONEOS_DEPLOYMENT_TARGET = 14.0;
				MTL_ENABLE_DEBUG_INFO = INCLUDE_SOURCE;
				MTL_FAST_MATH = YES;
				ONLY_ACTIVE_ARCH = YES;
				SDKROOT = iphoneos;
				SWIFT_ACTIVE_COMPILATION_CONDITIONS = DEBUG;
				SWIFT_OPTIMIZATION_LEVEL = "-Onone";
				VERSIONING_SYSTEM = "apple-generic";
				VERSION_INFO_PREFIX = "";
			};
			name = Debug;
		};
		AD7F1A612545A7FD00FD12B0 /* Release */ = {
			isa = XCBuildConfiguration;
			buildSettings = {
				ALWAYS_SEARCH_USER_PATHS = NO;
				CLANG_ANALYZER_NONNULL = YES;
				CLANG_ANALYZER_NUMBER_OBJECT_CONVERSION = YES_AGGRESSIVE;
				CLANG_CXX_LANGUAGE_STANDARD = "gnu++14";
				CLANG_CXX_LIBRARY = "libc++";
				CLANG_ENABLE_MODULES = YES;
				CLANG_ENABLE_OBJC_ARC = YES;
				CLANG_ENABLE_OBJC_WEAK = YES;
				CLANG_WARN_BLOCK_CAPTURE_AUTORELEASING = YES;
				CLANG_WARN_BOOL_CONVERSION = YES;
				CLANG_WARN_COMMA = YES;
				CLANG_WARN_CONSTANT_CONVERSION = YES;
				CLANG_WARN_DEPRECATED_OBJC_IMPLEMENTATIONS = YES;
				CLANG_WARN_DIRECT_OBJC_ISA_USAGE = YES_ERROR;
				CLANG_WARN_DOCUMENTATION_COMMENTS = YES;
				CLANG_WARN_EMPTY_BODY = YES;
				CLANG_WARN_ENUM_CONVERSION = YES;
				CLANG_WARN_INFINITE_RECURSION = YES;
				CLANG_WARN_INT_CONVERSION = YES;
				CLANG_WARN_NON_LITERAL_NULL_CONVERSION = YES;
				CLANG_WARN_OBJC_IMPLICIT_RETAIN_SELF = YES;
				CLANG_WARN_OBJC_LITERAL_CONVERSION = YES;
				CLANG_WARN_OBJC_ROOT_CLASS = YES_ERROR;
				CLANG_WARN_QUOTED_INCLUDE_IN_FRAMEWORK_HEADER = YES;
				CLANG_WARN_RANGE_LOOP_ANALYSIS = YES;
				CLANG_WARN_STRICT_PROTOTYPES = YES;
				CLANG_WARN_SUSPICIOUS_MOVE = YES;
				CLANG_WARN_UNGUARDED_AVAILABILITY = YES_AGGRESSIVE;
				CLANG_WARN_UNREACHABLE_CODE = YES;
				CLANG_WARN__DUPLICATE_METHOD_MATCH = YES;
				COPY_PHASE_STRIP = NO;
				CURRENT_PROJECT_VERSION = 1;
				DEBUG_INFORMATION_FORMAT = "dwarf-with-dsym";
				ENABLE_NS_ASSERTIONS = NO;
				ENABLE_STRICT_OBJC_MSGSEND = YES;
				GCC_C_LANGUAGE_STANDARD = gnu11;
				GCC_NO_COMMON_BLOCKS = YES;
				GCC_WARN_64_TO_32_BIT_CONVERSION = YES;
				GCC_WARN_ABOUT_RETURN_TYPE = YES_ERROR;
				GCC_WARN_UNDECLARED_SELECTOR = YES;
				GCC_WARN_UNINITIALIZED_AUTOS = YES_AGGRESSIVE;
				GCC_WARN_UNUSED_FUNCTION = YES;
				GCC_WARN_UNUSED_VARIABLE = YES;
				IPHONEOS_DEPLOYMENT_TARGET = 14.0;
				MTL_ENABLE_DEBUG_INFO = NO;
				MTL_FAST_MATH = YES;
				SDKROOT = iphoneos;
				SWIFT_COMPILATION_MODE = wholemodule;
				SWIFT_OPTIMIZATION_LEVEL = "-O";
				VALIDATE_PRODUCT = YES;
				VERSIONING_SYSTEM = "apple-generic";
				VERSION_INFO_PREFIX = "";
			};
			name = Release;
		};
		AD7F1A632545A7FD00FD12B0 /* Debug */ = {
			isa = XCBuildConfiguration;
			baseConfigurationReference = 4CC0531749716F549FCFA617 /* Pods-HTTPFramework.debug.xcconfig */;
			buildSettings = {
				CLANG_ENABLE_MODULES = YES;
				CODE_SIGN_STYLE = Automatic;
				DEFINES_MODULE = YES;
				DEVELOPMENT_TEAM = R7JPULMD8P;
				DYLIB_COMPATIBILITY_VERSION = 1;
				DYLIB_CURRENT_VERSION = 1;
				DYLIB_INSTALL_NAME_BASE = "@rpath";
				INFOPLIST_FILE = HTTPFramework/Info.plist;
				INSTALL_PATH = "$(LOCAL_LIBRARY_DIR)/Frameworks";
				IPHONEOS_DEPLOYMENT_TARGET = 13.0;
				LD_RUNPATH_SEARCH_PATHS = (
					"$(inherited)",
					"@executable_path/Frameworks",
					"@loader_path/Frameworks",
				);
				MARKETING_VERSION = 0.1;
				PRODUCT_BUNDLE_IDENTIFIER = "com.savinov-jr.HTTPFramework";
				PRODUCT_NAME = "$(TARGET_NAME:c99extidentifier)";
				SKIP_INSTALL = YES;
				SUPPORTS_MACCATALYST = NO;
				SWIFT_OPTIMIZATION_LEVEL = "-Onone";
				SWIFT_VERSION = 5.0;
				TARGETED_DEVICE_FAMILY = "1,2";
			};
			name = Debug;
		};
		AD7F1A642545A7FD00FD12B0 /* Release */ = {
			isa = XCBuildConfiguration;
			baseConfigurationReference = 364B0DD793995C1448F3231E /* Pods-HTTPFramework.release.xcconfig */;
			buildSettings = {
				CLANG_ENABLE_MODULES = YES;
				CODE_SIGN_STYLE = Automatic;
				DEFINES_MODULE = YES;
				DEVELOPMENT_TEAM = R7JPULMD8P;
				DYLIB_COMPATIBILITY_VERSION = 1;
				DYLIB_CURRENT_VERSION = 1;
				DYLIB_INSTALL_NAME_BASE = "@rpath";
				INFOPLIST_FILE = HTTPFramework/Info.plist;
				INSTALL_PATH = "$(LOCAL_LIBRARY_DIR)/Frameworks";
				IPHONEOS_DEPLOYMENT_TARGET = 13.0;
				LD_RUNPATH_SEARCH_PATHS = (
					"$(inherited)",
					"@executable_path/Frameworks",
					"@loader_path/Frameworks",
				);
				MARKETING_VERSION = 0.1;
				PRODUCT_BUNDLE_IDENTIFIER = "com.savinov-jr.HTTPFramework";
				PRODUCT_NAME = "$(TARGET_NAME:c99extidentifier)";
				SKIP_INSTALL = YES;
				SUPPORTS_MACCATALYST = NO;
				SWIFT_VERSION = 5.0;
				TARGETED_DEVICE_FAMILY = "1,2";
			};
			name = Release;
		};
		AD7F1A662545A7FD00FD12B0 /* Debug */ = {
			isa = XCBuildConfiguration;
			buildSettings = {
				ALWAYS_EMBED_SWIFT_STANDARD_LIBRARIES = YES;
				CODE_SIGN_STYLE = Automatic;
				DEVELOPMENT_TEAM = R7JPULMD8P;
				INFOPLIST_FILE = HTTPFrameworkTests/Info.plist;
				LD_RUNPATH_SEARCH_PATHS = (
					"$(inherited)",
					"@executable_path/Frameworks",
					"@loader_path/Frameworks",
				);
				PRODUCT_BUNDLE_IDENTIFIER = "com.savinov-jr.HTTPFrameworkTests";
				PRODUCT_NAME = "$(TARGET_NAME)";
				SWIFT_VERSION = 5.0;
				TARGETED_DEVICE_FAMILY = "1,2";
			};
			name = Debug;
		};
		AD7F1A672545A7FD00FD12B0 /* Release */ = {
			isa = XCBuildConfiguration;
			buildSettings = {
				ALWAYS_EMBED_SWIFT_STANDARD_LIBRARIES = YES;
				CODE_SIGN_STYLE = Automatic;
				DEVELOPMENT_TEAM = R7JPULMD8P;
				INFOPLIST_FILE = HTTPFrameworkTests/Info.plist;
				LD_RUNPATH_SEARCH_PATHS = (
					"$(inherited)",
					"@executable_path/Frameworks",
					"@loader_path/Frameworks",
				);
				PRODUCT_BUNDLE_IDENTIFIER = "com.savinov-jr.HTTPFrameworkTests";
				PRODUCT_NAME = "$(TARGET_NAME)";
				SWIFT_VERSION = 5.0;
				TARGETED_DEVICE_FAMILY = "1,2";
			};
			name = Release;
		};
/* End XCBuildConfiguration section */

/* Begin XCConfigurationList section */
		AD7F1A482545A7FC00FD12B0 /* Build configuration list for PBXProject "HTTPFramework" */ = {
			isa = XCConfigurationList;
			buildConfigurations = (
				AD7F1A602545A7FD00FD12B0 /* Debug */,
				AD7F1A612545A7FD00FD12B0 /* Release */,
			);
			defaultConfigurationIsVisible = 0;
			defaultConfigurationName = Release;
		};
		AD7F1A622545A7FD00FD12B0 /* Build configuration list for PBXNativeTarget "HTTPFramework" */ = {
			isa = XCConfigurationList;
			buildConfigurations = (
				AD7F1A632545A7FD00FD12B0 /* Debug */,
				AD7F1A642545A7FD00FD12B0 /* Release */,
			);
			defaultConfigurationIsVisible = 0;
			defaultConfigurationName = Release;
		};
		AD7F1A652545A7FD00FD12B0 /* Build configuration list for PBXNativeTarget "HTTPFrameworkTests" */ = {
			isa = XCConfigurationList;
			buildConfigurations = (
				AD7F1A662545A7FD00FD12B0 /* Debug */,
				AD7F1A672545A7FD00FD12B0 /* Release */,
			);
			defaultConfigurationIsVisible = 0;
			defaultConfigurationName = Release;
		};
/* End XCConfigurationList section */
	};
	rootObject = AD7F1A452545A7FC00FD12B0 /* Project object */;
}
